
Microsoft Visual Studio Solution File, Format Version 12.00
# Visual Studio 15
VisualStudioVersion = 15.0.26124.0
MinimumVisualStudioVersion = 15.0.26124.0
Project("{FAE04EC0-301F-11D3-BF4B-00C04F79EFBC}") = "Application", "ProjetoAutores.Application\Application.csproj", "{9ED42E41-4286-42DC-A6D6-4559C1A1513D}"
EndProject
Project("{FAE04EC0-301F-11D3-BF4B-00C04F79EFBC}") = "Domain", "ProjetoAutores.Domain\Domain.csproj", "{D30D083A-0FDB-4129-8570-F8E10777888E}"
EndProject
Project("{FAE04EC0-301F-11D3-BF4B-00C04F79EFBC}") = "CrossCutting", "ProjetoAutores.CrossCutting\CrossCutting.csproj", "{31B097B8-4E32-4F43-B606-5310D8689F60}"
EndProject
Project("{FAE04EC0-301F-11D3-BF4B-00C04F79EFBC}") = "Data", "ProjetoAutores.Data\Data.csproj", "{62BB75D6-1322-471A-9C1D-DA8E6FB904D8}"
EndProject
Global
	GlobalSection(SolutionConfigurationPlatforms) = preSolution
		Debug|Any CPU = Debug|Any CPU
		Debug|x64 = Debug|x64
		Debug|x86 = Debug|x86
		Release|Any CPU = Release|Any CPU
		Release|x64 = Release|x64
		Release|x86 = Release|x86
	EndGlobalSection
	GlobalSection(SolutionProperties) = preSolution
		HideSolutionNode = FALSE
	EndGlobalSection
	GlobalSection(ProjectConfigurationPlatforms) = postSolution
		{9ED42E41-4286-42DC-A6D6-4559C1A1513D}.Debug|Any CPU.ActiveCfg = Debug|Any CPU
		{9ED42E41-4286-42DC-A6D6-4559C1A1513D}.Debug|Any CPU.Build.0 = Debug|Any CPU
		{9ED42E41-4286-42DC-A6D6-4559C1A1513D}.Debug|x64.ActiveCfg = Debug|Any CPU
		{9ED42E41-4286-42DC-A6D6-4559C1A1513D}.Debug|x64.Build.0 = Debug|Any CPU
		{9ED42E41-4286-42DC-A6D6-4559C1A1513D}.Debug|x86.ActiveCfg = Debug|Any CPU
		{9ED42E41-4286-42DC-A6D6-4559C1A1513D}.Debug|x86.Build.0 = Debug|Any CPU
		{9ED42E41-4286-42DC-A6D6-4559C1A1513D}.Release|Any CPU.ActiveCfg = Release|Any CPU
		{9ED42E41-4286-42DC-A6D6-4559C1A1513D}.Release|Any CPU.Build.0 = Release|Any CPU
		{9ED42E41-4286-42DC-A6D6-4559C1A1513D}.Release|x64.ActiveCfg = Release|Any CPU
		{9ED42E41-4286-42DC-A6D6-4559C1A1513D}.Release|x64.Build.0 = Release|Any CPU
		{9ED42E41-4286-42DC-A6D6-4559C1A1513D}.Release|x86.ActiveCfg = Release|Any CPU
		{9ED42E41-4286-42DC-A6D6-4559C1A1513D}.Release|x86.Build.0 = Release|Any CPU
		{D30D083A-0FDB-4129-8570-F8E10777888E}.Debug|Any CPU.ActiveCfg = Debug|Any CPU
		{D30D083A-0FDB-4129-8570-F8E10777888E}.Debug|Any CPU.Build.0 = Debug|Any CPU
		{D30D083A-0FDB-4129-8570-F8E10777888E}.Debug|x64.ActiveCfg = Debug|Any CPU
		{D30D083A-0FDB-4129-8570-F8E10777888E}.Debug|x64.Build.0 = Debug|Any CPU
		{D30D083A-0FDB-4129-8570-F8E10777888E}.Debug|x86.ActiveCfg = Debug|Any CPU
		{D30D083A-0FDB-4129-8570-F8E10777888E}.Debug|x86.Build.0 = Debug|Any CPU
		{D30D083A-0FDB-4129-8570-F8E10777888E}.Release|Any CPU.ActiveCfg = Release|Any CPU
		{D30D083A-0FDB-4129-8570-F8E10777888E}.Release|Any CPU.Build.0 = Release|Any CPU
		{D30D083A-0FDB-4129-8570-F8E10777888E}.Release|x64.ActiveCfg = Release|Any CPU
		{D30D083A-0FDB-4129-8570-F8E10777888E}.Release|x64.Build.0 = Release|Any CPU
		{D30D083A-0FDB-4129-8570-F8E10777888E}.Release|x86.ActiveCfg = Release|Any CPU
		{D30D083A-0FDB-4129-8570-F8E10777888E}.Release|x86.Build.0 = Release|Any CPU
		{31B097B8-4E32-4F43-B606-5310D8689F60}.Debug|Any CPU.ActiveCfg = Debug|Any CPU
		{31B097B8-4E32-4F43-B606-5310D8689F60}.Debug|Any CPU.Build.0 = Debug|Any CPU
		{31B097B8-4E32-4F43-B606-5310D8689F60}.Debug|x64.ActiveCfg = Debug|Any CPU
		{31B097B8-4E32-4F43-B606-5310D8689F60}.Debug|x64.Build.0 = Debug|Any CPU
		{31B097B8-4E32-4F43-B606-5310D8689F60}.Debug|x86.ActiveCfg = Debug|Any CPU
		{31B097B8-4E32-4F43-B606-5310D8689F60}.Debug|x86.Build.0 = Debug|Any CPU
		{31B097B8-4E32-4F43-B606-5310D8689F60}.Release|Any CPU.ActiveCfg = Release|Any CPU
		{31B097B8-4E32-4F43-B606-5310D8689F60}.Release|Any CPU.Build.0 = Release|Any CPU
		{31B097B8-4E32-4F43-B606-5310D8689F60}.Release|x64.ActiveCfg = Release|Any CPU
		{31B097B8-4E32-4F43-B606-5310D8689F60}.Release|x64.Build.0 = Release|Any CPU
		{31B097B8-4E32-4F43-B606-5310D8689F60}.Release|x86.ActiveCfg = Release|Any CPU
		{31B097B8-4E32-4F43-B606-5310D8689F60}.Release|x86.Build.0 = Release|Any CPU
		{62BB75D6-1322-471A-9C1D-DA8E6FB904D8}.Debug|Any CPU.ActiveCfg = Debug|Any CPU
		{62BB75D6-1322-471A-9C1D-DA8E6FB904D8}.Debug|Any CPU.Build.0 = Debug|Any CPU
		{62BB75D6-1322-471A-9C1D-DA8E6FB904D8}.Debug|x64.ActiveCfg = Debug|Any CPU
		{62BB75D6-1322-471A-9C1D-DA8E6FB904D8}.Debug|x64.Build.0 = Debug|Any CPU
		{62BB75D6-1322-471A-9C1D-DA8E6FB904D8}.Debug|x86.ActiveCfg = Debug|Any CPU
		{62BB75D6-1322-471A-9C1D-DA8E6FB904D8}.Debug|x86.Build.0 = Debug|Any CPU
		{62BB75D6-1322-471A-9C1D-DA8E6FB904D8}.Release|Any CPU.ActiveCfg = Release|Any CPU
		{62BB75D6-1322-471A-9C1D-DA8E6FB904D8}.Release|Any CPU.Build.0 = Release|Any CPU
		{62BB75D6-1322-471A-9C1D-DA8E6FB904D8}.Release|x64.ActiveCfg = Release|Any CPU
		{62BB75D6-1322-471A-9C1D-DA8E6FB904D8}.Release|x64.Build.0 = Release|Any CPU
		{62BB75D6-1322-471A-9C1D-DA8E6FB904D8}.Release|x86.ActiveCfg = Release|Any CPU
		{62BB75D6-1322-471A-9C1D-DA8E6FB904D8}.Release|x86.Build.0 = Release|Any CPU
	EndGlobalSection
EndGlobal
